{
  "name": "ts-2-col-tester",
  "version": "1.0.0",
  "lockfileVersion": 2,
  "requires": true,
  "packages": {
    "": {
      "version": "1.0.0",
      "license": "MIT",
      "dependencies": {
        "typescript": "https://typescript.visualstudio.com/cf7ac146-d525-443c-b23c-0d58337efebc/_apis/build/builds/109992/artifacts?artifactName=tgz&fileId=87B24FA7EA52D92AF9388987E593C74B3D918F163C1711D6E08698AF09CFC06302&fileName=/typescript-4.5.0-insiders.20210908.tgz"
      }
    },
    "node_modules/as-table": {
      "version": "1.0.55",
      "resolved": "https://registry.npmjs.org/as-table/-/as-table-1.0.55.tgz",
      "integrity": "sha512-xvsWESUJn0JN421Xb9MQw6AsMHRCUknCe0Wjlxvjud80mU4E6hQf1A6NzQKcYNmYw62MfzEtXc+badstZP3JpQ==",
      "dependencies": {
        "printable-characters": "^1.0.42"
      }
    },
    "node_modules/prettier": {
      "version": "2.3.2",
      "resolved": "https://registry.npmjs.org/prettier/-/prettier-2.3.2.tgz",
      "integrity": "sha512-lnJzDfJ66zkMy58OL5/NY5zp70S7Nz6KqcKkXYzn2tMVrNxvbqaBpg7H3qHaLxCJ5lNMsGuM8+ohS7cZrthdLQ==",
      "bin": {
        "prettier": "bin-prettier.js"
      },
      "engines": {
        "node": ">=10.13.0"
      }
    },
    "node_modules/printable-characters": {
      "version": "1.0.42",
      "resolved": "https://registry.npmjs.org/printable-characters/-/printable-characters-1.0.42.tgz",
      "integrity": "sha1-Pxjpd6m9jrN/zE/1ZZ176Qhos9g="
    },
    "node_modules/typescript": {
      "version": "4.5.0-insiders.20210908",
      "resolved": "https://typescript.visualstudio.com/cf7ac146-d525-443c-b23c-0d58337efebc/_apis/build/builds/109992/artifacts?artifactName=tgz&fileId=87B24FA7EA52D92AF9388987E593C74B3D918F163C1711D6E08698AF09CFC06302&fileName=/typescript-4.5.0-insiders.20210908.tgz",
      "integrity": "sha512-NbEDlGZuRxNWH/XHzxN0d8v1NRdGOd3/L0yCD50O9hPHzZuvtgFTahrsVsqUA4DfNzMOdP3oyaDnU23XOHgkJw==",
      "license": "Apache-2.0",
      "dependencies": {
        "as-table": "^1.0.55",
        "prettier": "^2.3.2"
      },
      "bin": {
        "tsc": "bin/tsc",
        "tsserver": "bin/tsserver"
      },
      "engines": {
        "node": ">=4.2.0"
      }
    }
  },
  "dependencies": {
    "as-table": {
      "version": "1.0.55",
      "resolved": "https://registry.npmjs.org/as-table/-/as-table-1.0.55.tgz",
      "integrity": "sha512-xvsWESUJn0JN421Xb9MQw6AsMHRCUknCe0Wjlxvjud80mU4E6hQf1A6NzQKcYNmYw62MfzEtXc+badstZP3JpQ==",
      "requires": {
        "printable-characters": "^1.0.42"
      }
    },
    "prettier": {
      "version": "2.3.2",
      "resolved": "https://registry.npmjs.org/prettier/-/prettier-2.3.2.tgz",
      "integrity": "sha512-lnJzDfJ66zkMy58OL5/NY5zp70S7Nz6KqcKkXYzn2tMVrNxvbqaBpg7H3qHaLxCJ5lNMsGuM8+ohS7cZrthdLQ=="
    },
    "printable-characters": {
      "version": "1.0.42",
      "resolved": "https://registry.npmjs.org/printable-characters/-/printable-characters-1.0.42.tgz",
      "integrity": "sha1-Pxjpd6m9jrN/zE/1ZZ176Qhos9g="
    },
    "typescript": {
      "version": "https://typescript.visualstudio.com/cf7ac146-d525-443c-b23c-0d58337efebc/_apis/build/builds/109992/artifacts?artifactName=tgz&fileId=87B24FA7EA52D92AF9388987E593C74B3D918F163C1711D6E08698AF09CFC06302&fileName=/typescript-4.5.0-insiders.20210908.tgz",
      "integrity": "sha512-NbEDlGZuRxNWH/XHzxN0d8v1NRdGOd3/L0yCD50O9hPHzZuvtgFTahrsVsqUA4DfNzMOdP3oyaDnU23XOHgkJw==",
      "requires": {
        "as-table": "^1.0.55",
        "prettier": "^2.3.2"
      }
    }
  }
}
